// !$*UTF8*$!
{
	archiveVersion = 1;
	classes = {
	};
	objectVersion = 46;
	objects = {

/* Begin PBXBuildFile section */
		4C2EAED81D584D870059072A /* AppDelegate.swift in Sources */ = {isa = PBXBuildFile; fileRef = 4C2EAED71D584D870059072A /* AppDelegate.swift */; };
		4C2EAEDA1D584D870059072A /* viewController.swift in Sources */ = {isa = PBXBuildFile; fileRef = 4C2EAED91D584D870059072A /* viewController.swift */; };
		4C2EAEDD1D584D870059072A /* Main.storyboard in Resources */ = {isa = PBXBuildFile; fileRef = 4C2EAEDB1D584D870059072A /* Main.storyboard */; };
		4C2EAEDF1D584D870059072A /* Assets.xcassets in Resources */ = {isa = PBXBuildFile; fileRef = 4C2EAEDE1D584D870059072A /* Assets.xcassets */; };
		4C2EAEE21D584D870059072A /* LaunchScreen.storyboard in Resources */ = {isa = PBXBuildFile; fileRef = 4C2EAEE01D584D870059072A /* LaunchScreen.storyboard */; };
		4C2EAEED1D584D870059072A /* TeamGraysonGoTests.swift in Sources */ = {isa = PBXBuildFile; fileRef = 4C2EAEEC1D584D870059072A /* TeamGraysonGoTests.swift */; };
		4C2EAEF81D584D870059072A /* TeamGraysonGoUITests.swift in Sources */ = {isa = PBXBuildFile; fileRef = 4C2EAEF71D584D870059072A /* TeamGraysonGoUITests.swift */; };
		4C2EAF061D5AAB7B0059072A /* GarageContentViewController.swift in Sources */ = {isa = PBXBuildFile; fileRef = 4C2EAF051D5AAB7B0059072A /* GarageContentViewController.swift */; };
		4C2EAF081D5AB3150059072A /* GarageModelProtocol.swift in Sources */ = {isa = PBXBuildFile; fileRef = 4C2EAF071D5AB3150059072A /* GarageModelProtocol.swift */; };
		4C2EAF0A1D5AB3B10059072A /* GarageModelObj.swift in Sources */ = {isa = PBXBuildFile; fileRef = 4C2EAF091D5AB3B10059072A /* GarageModelObj.swift */; };
		4C35E7D01D7CE34300943286 /* hangoutSpecificViewController.swift in Sources */ = {isa = PBXBuildFile; fileRef = 4C35E7CF1D7CE34300943286 /* hangoutSpecificViewController.swift */; };
		4C5E32231D78F6A10079CFB7 /* AddHangoutViewController.swift in Sources */ = {isa = PBXBuildFile; fileRef = 4C5E32221D78F6A10079CFB7 /* AddHangoutViewController.swift */; };
		4C759D0F1D83C0F6006B95E1 /* SpecificHangoutModelProtocol.swift in Sources */ = {isa = PBXBuildFile; fileRef = 4C759D0E1D83C0F6006B95E1 /* SpecificHangoutModelProtocol.swift */; };
		4C759D111D84D548006B95E1 /* GooglePlaces.framework in Frameworks */ = {isa = PBXBuildFile; fileRef = 4C759D101D84D548006B95E1 /* GooglePlaces.framework */; };
		4C759D131D84D574006B95E1 /* GoogleMapsBase.framework in Frameworks */ = {isa = PBXBuildFile; fileRef = 4C759D121D84D574006B95E1 /* GoogleMapsBase.framework */; };
		4C759D151D84D5E5006B95E1 /* GooglePlaces.bundle in Resources */ = {isa = PBXBuildFile; fileRef = 4C759D141D84D5E5006B95E1 /* GooglePlaces.bundle */; };
		4C759D171D84D642006B95E1 /* Accelerate.framework in Frameworks */ = {isa = PBXBuildFile; fileRef = 4C759D161D84D642006B95E1 /* Accelerate.framework */; };
		4C759D191D84D654006B95E1 /* CoreData.framework in Frameworks */ = {isa = PBXBuildFile; fileRef = 4C759D181D84D654006B95E1 /* CoreData.framework */; };
		4C759D1B1D84D65A006B95E1 /* CoreGraphics.framework in Frameworks */ = {isa = PBXBuildFile; fileRef = 4C759D1A1D84D65A006B95E1 /* CoreGraphics.framework */; };
		4C759D1D1D84D665006B95E1 /* CoreLocation.framework in Frameworks */ = {isa = PBXBuildFile; fileRef = 4C759D1C1D84D665006B95E1 /* CoreLocation.framework */; };
		4C759D1F1D84D66B006B95E1 /* CoreText.framework in Frameworks */ = {isa = PBXBuildFile; fileRef = 4C759D1E1D84D66B006B95E1 /* CoreText.framework */; };
		4C759D211D84D67D006B95E1 /* GLKit.framework in Frameworks */ = {isa = PBXBuildFile; fileRef = 4C759D201D84D67D006B95E1 /* GLKit.framework */; };
		4C759D231D84D687006B95E1 /* ImageIO.framework in Frameworks */ = {isa = PBXBuildFile; fileRef = 4C759D221D84D687006B95E1 /* ImageIO.framework */; };
		4C759D251D84D69B006B95E1 /* libc++.tbd in Frameworks */ = {isa = PBXBuildFile; fileRef = 4C759D241D84D69B006B95E1 /* libc++.tbd */; };
		4C759D271D84D6B2006B95E1 /* libz.tbd in Frameworks */ = {isa = PBXBuildFile; fileRef = 4C759D261D84D6B2006B95E1 /* libz.tbd */; };
		4C759D291D84D6C2006B95E1 /* OpenGLES.framework in Frameworks */ = {isa = PBXBuildFile; fileRef = 4C759D281D84D6C2006B95E1 /* OpenGLES.framework */; };
		4C759D2B1D84D6CF006B95E1 /* QuartzCore.framework in Frameworks */ = {isa = PBXBuildFile; fileRef = 4C759D2A1D84D6CF006B95E1 /* QuartzCore.framework */; };
		4C759D2D1D84D6DE006B95E1 /* SystemConfiguration.framework in Frameworks */ = {isa = PBXBuildFile; fileRef = 4C759D2C1D84D6DE006B95E1 /* SystemConfiguration.framework */; };
		4C759D2F1D84D6E3006B95E1 /* UIKit.framework in Frameworks */ = {isa = PBXBuildFile; fileRef = 4C759D2E1D84D6E3006B95E1 /* UIKit.framework */; };
		4C759D311D84DDD9006B95E1 /* GooglePlacePicker.framework in Frameworks */ = {isa = PBXBuildFile; fileRef = 4C759D301D84DDD9006B95E1 /* GooglePlacePicker.framework */; };
		4C759D341D84DE11006B95E1 /* GoogleMaps.framework in Frameworks */ = {isa = PBXBuildFile; fileRef = 4C759D321D84DE11006B95E1 /* GoogleMaps.framework */; };
		4C759D351D84DE11006B95E1 /* GoogleMapsCore.framework in Frameworks */ = {isa = PBXBuildFile; fileRef = 4C759D331D84DE11006B95E1 /* GoogleMapsCore.framework */; };
		4C759D371D84DE44006B95E1 /* GoogleMaps.bundle in Resources */ = {isa = PBXBuildFile; fileRef = 4C759D361D84DE44006B95E1 /* GoogleMaps.bundle */; };
		4C759D391D84DE82006B95E1 /* GooglePlacePicker.bundle in Resources */ = {isa = PBXBuildFile; fileRef = 4C759D381D84DE82006B95E1 /* GooglePlacePicker.bundle */; };
		4CAFD4D81D94BBC9005B366E /* FBSDKCoreKit.framework in Frameworks */ = {isa = PBXBuildFile; fileRef = 4CAFD4D61D94BBC9005B366E /* FBSDKCoreKit.framework */; };
		4CAFD4D91D94BBC9005B366E /* FBSDKLoginKit.framework in Frameworks */ = {isa = PBXBuildFile; fileRef = 4CAFD4D71D94BBC9005B366E /* FBSDKLoginKit.framework */; };
		4CAFD4DB1D94BC03005B366E /* FBSDKShareKit.framework in Frameworks */ = {isa = PBXBuildFile; fileRef = 4CAFD4DA1D94BC03005B366E /* FBSDKShareKit.framework */; };
		4CE7E6DD1D6123E7009CD2C3 /* SWRevealViewController.m in Sources */ = {isa = PBXBuildFile; fileRef = 4CE7E6DC1D6123E7009CD2C3 /* SWRevealViewController.m */; };
		4CE7E6DF1D629C43009CD2C3 /* MenuController.swift in Sources */ = {isa = PBXBuildFile; fileRef = 4CE7E6DE1D629C43009CD2C3 /* MenuController.swift */; };
		4CE7E6E81D62E7B2009CD2C3 /* Bolts.framework in Frameworks */ = {isa = PBXBuildFile; fileRef = 4CE7E6E71D62E7B2009CD2C3 /* Bolts.framework */; };
		4CE7E6EC1D62E91E009CD2C3 /* LoginViewController.swift in Sources */ = {isa = PBXBuildFile; fileRef = 4CE7E6EB1D62E91E009CD2C3 /* LoginViewController.swift */; };
		4CE7E6F01D652949009CD2C3 /* Reachability.m in Sources */ = {isa = PBXBuildFile; fileRef = 4CE7E6EF1D652949009CD2C3 /* Reachability.m */; };
		4CE7E6F21D6D5D5C009CD2C3 /* hangoutsViewController.swift in Sources */ = {isa = PBXBuildFile; fileRef = 4CE7E6F11D6D5D5C009CD2C3 /* hangoutsViewController.swift */; };
		4CE7E6F41D6E0B7A009CD2C3 /* HangoutsModelProtocol.swift in Sources */ = {isa = PBXBuildFile; fileRef = 4CE7E6F31D6E0B7A009CD2C3 /* HangoutsModelProtocol.swift */; };
		4CE7E6F61D6E0DC0009CD2C3 /* HangoutModelObj.swift in Sources */ = {isa = PBXBuildFile; fileRef = 4CE7E6F51D6E0DC0009CD2C3 /* HangoutModelObj.swift */; };
		4CE7E6F81D6E2C9B009CD2C3 /* CustomHangoutCell.swift in Sources */ = {isa = PBXBuildFile; fileRef = 4CE7E6F71D6E2C9B009CD2C3 /* CustomHangoutCell.swift */; };
		4CE7E6FA1D78DBB0009CD2C3 /* StreamViewController.swift in Sources */ = {isa = PBXBuildFile; fileRef = 4CE7E6F91D78DBB0009CD2C3 /* StreamViewController.swift */; };
		4CEE04DE1D9073890025ACB6 /* EditHangoutViewController.swift in Sources */ = {isa = PBXBuildFile; fileRef = 4CEE04DD1D9073890025ACB6 /* EditHangoutViewController.swift */; };
/* End PBXBuildFile section */

/* Begin PBXContainerItemProxy section */
		4C2EAEE91D584D870059072A /* PBXContainerItemProxy */ = {
			isa = PBXContainerItemProxy;
			containerPortal = 4C2EAECC1D584D870059072A /* Project object */;
			proxyType = 1;
			remoteGlobalIDString = 4C2EAED31D584D870059072A;
			remoteInfo = TeamGraysonGo;
		};
		4C2EAEF41D584D870059072A /* PBXContainerItemProxy */ = {
			isa = PBXContainerItemProxy;
			containerPortal = 4C2EAECC1D584D870059072A /* Project object */;
			proxyType = 1;
			remoteGlobalIDString = 4C2EAED31D584D870059072A;
			remoteInfo = TeamGraysonGo;
		};
/* End PBXContainerItemProxy section */

/* Begin PBXFileReference section */
		4C2EAED41D584D870059072A /* TeamGraysonGo.app */ = {isa = PBXFileReference; explicitFileType = wrapper.application; includeInIndex = 0; path = TeamGraysonGo.app; sourceTree = BUILT_PRODUCTS_DIR; };
		4C2EAED71D584D870059072A /* AppDelegate.swift */ = {isa = PBXFileReference; lastKnownFileType = sourcecode.swift; path = AppDelegate.swift; sourceTree = "<group>"; };
		4C2EAED91D584D870059072A /* viewController.swift */ = {isa = PBXFileReference; lastKnownFileType = sourcecode.swift; path = viewController.swift; sourceTree = "<group>"; };
		4C2EAEDC1D584D870059072A /* Base */ = {isa = PBXFileReference; lastKnownFileType = file.storyboard; name = Base; path = Base.lproj/Main.storyboard; sourceTree = "<group>"; };
		4C2EAEDE1D584D870059072A /* Assets.xcassets */ = {isa = PBXFileReference; lastKnownFileType = folder.assetcatalog; path = Assets.xcassets; sourceTree = "<group>"; };
		4C2EAEE11D584D870059072A /* Base */ = {isa = PBXFileReference; lastKnownFileType = file.storyboard; name = Base; path = Base.lproj/LaunchScreen.storyboard; sourceTree = "<group>"; };
		4C2EAEE31D584D870059072A /* Info.plist */ = {isa = PBXFileReference; lastKnownFileType = text.plist.xml; path = Info.plist; sourceTree = "<group>"; };
		4C2EAEE81D584D870059072A /* TeamGraysonGoTests.xctest */ = {isa = PBXFileReference; explicitFileType = wrapper.cfbundle; includeInIndex = 0; path = TeamGraysonGoTests.xctest; sourceTree = BUILT_PRODUCTS_DIR; };
		4C2EAEEC1D584D870059072A /* TeamGraysonGoTests.swift */ = {isa = PBXFileReference; lastKnownFileType = sourcecode.swift; path = TeamGraysonGoTests.swift; sourceTree = "<group>"; };
		4C2EAEEE1D584D870059072A /* Info.plist */ = {isa = PBXFileReference; lastKnownFileType = text.plist.xml; path = Info.plist; sourceTree = "<group>"; };
		4C2EAEF31D584D870059072A /* TeamGraysonGoUITests.xctest */ = {isa = PBXFileReference; explicitFileType = wrapper.cfbundle; includeInIndex = 0; path = TeamGraysonGoUITests.xctest; sourceTree = BUILT_PRODUCTS_DIR; };
		4C2EAEF71D584D870059072A /* TeamGraysonGoUITests.swift */ = {isa = PBXFileReference; lastKnownFileType = sourcecode.swift; path = TeamGraysonGoUITests.swift; sourceTree = "<group>"; };
		4C2EAEF91D584D870059072A /* Info.plist */ = {isa = PBXFileReference; lastKnownFileType = text.plist.xml; path = Info.plist; sourceTree = "<group>"; };
		4C2EAF051D5AAB7B0059072A /* GarageContentViewController.swift */ = {isa = PBXFileReference; fileEncoding = 4; lastKnownFileType = sourcecode.swift; path = GarageContentViewController.swift; sourceTree = "<group>"; };
		4C2EAF071D5AB3150059072A /* GarageModelProtocol.swift */ = {isa = PBXFileReference; fileEncoding = 4; lastKnownFileType = sourcecode.swift; path = GarageModelProtocol.swift; sourceTree = "<group>"; };
		4C2EAF091D5AB3B10059072A /* GarageModelObj.swift */ = {isa = PBXFileReference; fileEncoding = 4; lastKnownFileType = sourcecode.swift; path = GarageModelObj.swift; sourceTree = "<group>"; };
		4C35E7CF1D7CE34300943286 /* hangoutSpecificViewController.swift */ = {isa = PBXFileReference; fileEncoding = 4; lastKnownFileType = sourcecode.swift; path = hangoutSpecificViewController.swift; sourceTree = "<group>"; };
		4C5E32221D78F6A10079CFB7 /* AddHangoutViewController.swift */ = {isa = PBXFileReference; fileEncoding = 4; lastKnownFileType = sourcecode.swift; path = AddHangoutViewController.swift; sourceTree = "<group>"; };
		4C759D0E1D83C0F6006B95E1 /* SpecificHangoutModelProtocol.swift */ = {isa = PBXFileReference; fileEncoding = 4; lastKnownFileType = sourcecode.swift; path = SpecificHangoutModelProtocol.swift; sourceTree = "<group>"; };
		4C759D101D84D548006B95E1 /* GooglePlaces.framework */ = {isa = PBXFileReference; lastKnownFileType = wrapper.framework; path = GooglePlaces.framework; sourceTree = "<group>"; };
		4C759D121D84D574006B95E1 /* GoogleMapsBase.framework */ = {isa = PBXFileReference; lastKnownFileType = wrapper.framework; path = GoogleMapsBase.framework; sourceTree = "<group>"; };
		4C759D141D84D5E5006B95E1 /* GooglePlaces.bundle */ = {isa = PBXFileReference; lastKnownFileType = "wrapper.plug-in"; name = GooglePlaces.bundle; path = GooglePlaces.framework/Versions/A/Resources/GooglePlaces.bundle; sourceTree = "<group>"; };
		4C759D161D84D642006B95E1 /* Accelerate.framework */ = {isa = PBXFileReference; lastKnownFileType = wrapper.framework; name = Accelerate.framework; path = System/Library/Frameworks/Accelerate.framework; sourceTree = SDKROOT; };
		4C759D181D84D654006B95E1 /* CoreData.framework */ = {isa = PBXFileReference; lastKnownFileType = wrapper.framework; name = CoreData.framework; path = System/Library/Frameworks/CoreData.framework; sourceTree = SDKROOT; };
		4C759D1A1D84D65A006B95E1 /* CoreGraphics.framework */ = {isa = PBXFileReference; lastKnownFileType = wrapper.framework; name = CoreGraphics.framework; path = System/Library/Frameworks/CoreGraphics.framework; sourceTree = SDKROOT; };
		4C759D1C1D84D665006B95E1 /* CoreLocation.framework */ = {isa = PBXFileReference; lastKnownFileType = wrapper.framework; name = CoreLocation.framework; path = System/Library/Frameworks/CoreLocation.framework; sourceTree = SDKROOT; };
		4C759D1E1D84D66B006B95E1 /* CoreText.framework */ = {isa = PBXFileReference; lastKnownFileType = wrapper.framework; name = CoreText.framework; path = System/Library/Frameworks/CoreText.framework; sourceTree = SDKROOT; };
		4C759D201D84D67D006B95E1 /* GLKit.framework */ = {isa = PBXFileReference; lastKnownFileType = wrapper.framework; name = GLKit.framework; path = System/Library/Frameworks/GLKit.framework; sourceTree = SDKROOT; };
		4C759D221D84D687006B95E1 /* ImageIO.framework */ = {isa = PBXFileReference; lastKnownFileType = wrapper.framework; name = ImageIO.framework; path = System/Library/Frameworks/ImageIO.framework; sourceTree = SDKROOT; };
		4C759D241D84D69B006B95E1 /* libc++.tbd */ = {isa = PBXFileReference; lastKnownFileType = "sourcecode.text-based-dylib-definition"; name = "libc++.tbd"; path = "usr/lib/libc++.tbd"; sourceTree = SDKROOT; };
		4C759D261D84D6B2006B95E1 /* libz.tbd */ = {isa = PBXFileReference; lastKnownFileType = "sourcecode.text-based-dylib-definition"; name = libz.tbd; path = usr/lib/libz.tbd; sourceTree = SDKROOT; };
		4C759D281D84D6C2006B95E1 /* OpenGLES.framework */ = {isa = PBXFileReference; lastKnownFileType = wrapper.framework; name = OpenGLES.framework; path = System/Library/Frameworks/OpenGLES.framework; sourceTree = SDKROOT; };
		4C759D2A1D84D6CF006B95E1 /* QuartzCore.framework */ = {isa = PBXFileReference; lastKnownFileType = wrapper.framework; name = QuartzCore.framework; path = System/Library/Frameworks/QuartzCore.framework; sourceTree = SDKROOT; };
		4C759D2C1D84D6DE006B95E1 /* SystemConfiguration.framework */ = {isa = PBXFileReference; lastKnownFileType = wrapper.framework; name = SystemConfiguration.framework; path = System/Library/Frameworks/SystemConfiguration.framework; sourceTree = SDKROOT; };
		4C759D2E1D84D6E3006B95E1 /* UIKit.framework */ = {isa = PBXFileReference; lastKnownFileType = wrapper.framework; name = UIKit.framework; path = System/Library/Frameworks/UIKit.framework; sourceTree = SDKROOT; };
		4C759D301D84DDD9006B95E1 /* GooglePlacePicker.framework */ = {isa = PBXFileReference; lastKnownFileType = wrapper.framework; path = GooglePlacePicker.framework; sourceTree = "<group>"; };
		4C759D321D84DE11006B95E1 /* GoogleMaps.framework */ = {isa = PBXFileReference; lastKnownFileType = wrapper.framework; path = GoogleMaps.framework; sourceTree = "<group>"; };
		4C759D331D84DE11006B95E1 /* GoogleMapsCore.framework */ = {isa = PBXFileReference; lastKnownFileType = wrapper.framework; path = GoogleMapsCore.framework; sourceTree = "<group>"; };
		4C759D361D84DE44006B95E1 /* GoogleMaps.bundle */ = {isa = PBXFileReference; lastKnownFileType = "wrapper.plug-in"; name = GoogleMaps.bundle; path = GoogleMaps.framework/Versions/A/Resources/GoogleMaps.bundle; sourceTree = "<group>"; };
		4C759D381D84DE82006B95E1 /* GooglePlacePicker.bundle */ = {isa = PBXFileReference; lastKnownFileType = "wrapper.plug-in"; name = GooglePlacePicker.bundle; path = GooglePlacePicker.framework/Versions/A/Resources/GooglePlacePicker.bundle; sourceTree = "<group>"; };
		4CAFD4D61D94BBC9005B366E /* FBSDKCoreKit.framework */ = {isa = PBXFileReference; lastKnownFileType = wrapper.framework; name = FBSDKCoreKit.framework; path = "../../../../Downloads/FacebookSDKs-iOS-4.15.1/FBSDKCoreKit.framework"; sourceTree = "<group>"; };
		4CAFD4D71D94BBC9005B366E /* FBSDKLoginKit.framework */ = {isa = PBXFileReference; lastKnownFileType = wrapper.framework; name = FBSDKLoginKit.framework; path = "../../../../Downloads/FacebookSDKs-iOS-4.15.1/FBSDKLoginKit.framework"; sourceTree = "<group>"; };
		4CAFD4DA1D94BC03005B366E /* FBSDKShareKit.framework */ = {isa = PBXFileReference; lastKnownFileType = wrapper.framework; name = FBSDKShareKit.framework; path = "../../../../Downloads/FacebookSDKs-iOS-4.15.1/FBSDKShareKit.framework"; sourceTree = "<group>"; };
		4CAFD4DC1D94BCEE005B366E /* TeamGraysonGo.entitlements */ = {isa = PBXFileReference; lastKnownFileType = text.plist.entitlements; path = TeamGraysonGo.entitlements; sourceTree = "<group>"; };
		4CE7E6DA1D6123E6009CD2C3 /* TeamGraysonGo-Bridging-Header.h */ = {isa = PBXFileReference; lastKnownFileType = sourcecode.c.h; path = "TeamGraysonGo-Bridging-Header.h"; sourceTree = "<group>"; };
		4CE7E6DB1D6123E7009CD2C3 /* SWRevealViewController.h */ = {isa = PBXFileReference; fileEncoding = 4; lastKnownFileType = sourcecode.c.h; path = SWRevealViewController.h; sourceTree = "<group>"; };
		4CE7E6DC1D6123E7009CD2C3 /* SWRevealViewController.m */ = {isa = PBXFileReference; fileEncoding = 4; lastKnownFileType = sourcecode.c.objc; path = SWRevealViewController.m; sourceTree = "<group>"; };
		4CE7E6DE1D629C43009CD2C3 /* MenuController.swift */ = {isa = PBXFileReference; fileEncoding = 4; lastKnownFileType = sourcecode.swift; path = MenuController.swift; sourceTree = "<group>"; };
		4CE7E6E71D62E7B2009CD2C3 /* Bolts.framework */ = {isa = PBXFileReference; lastKnownFileType = wrapper.framework; path = Bolts.framework; sourceTree = "<group>"; };
		4CE7E6EB1D62E91E009CD2C3 /* LoginViewController.swift */ = {isa = PBXFileReference; fileEncoding = 4; lastKnownFileType = sourcecode.swift; path = LoginViewController.swift; sourceTree = "<group>"; };
		4CE7E6EE1D652949009CD2C3 /* Reachability.h */ = {isa = PBXFileReference; fileEncoding = 4; lastKnownFileType = sourcecode.c.h; path = Reachability.h; sourceTree = "<group>"; };
		4CE7E6EF1D652949009CD2C3 /* Reachability.m */ = {isa = PBXFileReference; fileEncoding = 4; lastKnownFileType = sourcecode.c.objc; path = Reachability.m; sourceTree = "<group>"; };
		4CE7E6F11D6D5D5C009CD2C3 /* hangoutsViewController.swift */ = {isa = PBXFileReference; fileEncoding = 4; lastKnownFileType = sourcecode.swift; path = hangoutsViewController.swift; sourceTree = "<group>"; };
		4CE7E6F31D6E0B7A009CD2C3 /* HangoutsModelProtocol.swift */ = {isa = PBXFileReference; fileEncoding = 4; lastKnownFileType = sourcecode.swift; path = HangoutsModelProtocol.swift; sourceTree = "<group>"; };
		4CE7E6F51D6E0DC0009CD2C3 /* HangoutModelObj.swift */ = {isa = PBXFileReference; fileEncoding = 4; lastKnownFileType = sourcecode.swift; path = HangoutModelObj.swift; sourceTree = "<group>"; };
		4CE7E6F71D6E2C9B009CD2C3 /* CustomHangoutCell.swift */ = {isa = PBXFileReference; fileEncoding = 4; lastKnownFileType = sourcecode.swift; path = CustomHangoutCell.swift; sourceTree = "<group>"; };
		4CE7E6F91D78DBB0009CD2C3 /* StreamViewController.swift */ = {isa = PBXFileReference; fileEncoding = 4; lastKnownFileType = sourcecode.swift; path = StreamViewController.swift; sourceTree = "<group>"; };
		4CEE04DD1D9073890025ACB6 /* EditHangoutViewController.swift */ = {isa = PBXFileReference; fileEncoding = 4; lastKnownFileType = sourcecode.swift; path = EditHangoutViewController.swift; sourceTree = "<group>"; };
/* End PBXFileReference section */

/* Begin PBXFrameworksBuildPhase section */
		4C2EAED11D584D870059072A /* Frameworks */ = {
			isa = PBXFrameworksBuildPhase;
			buildActionMask = 2147483647;
			files = (
				4C759D2F1D84D6E3006B95E1 /* UIKit.framework in Frameworks */,
				4C759D2D1D84D6DE006B95E1 /* SystemConfiguration.framework in Frameworks */,
				4C759D2B1D84D6CF006B95E1 /* QuartzCore.framework in Frameworks */,
				4C759D351D84DE11006B95E1 /* GoogleMapsCore.framework in Frameworks */,
				4C759D291D84D6C2006B95E1 /* OpenGLES.framework in Frameworks */,
				4C759D271D84D6B2006B95E1 /* libz.tbd in Frameworks */,
				4CAFD4DB1D94BC03005B366E /* FBSDKShareKit.framework in Frameworks */,
				4C759D251D84D69B006B95E1 /* libc++.tbd in Frameworks */,
				4C759D231D84D687006B95E1 /* ImageIO.framework in Frameworks */,
				4C759D311D84DDD9006B95E1 /* GooglePlacePicker.framework in Frameworks */,
				4C759D211D84D67D006B95E1 /* GLKit.framework in Frameworks */,
				4C759D1F1D84D66B006B95E1 /* CoreText.framework in Frameworks */,
				4C759D1D1D84D665006B95E1 /* CoreLocation.framework in Frameworks */,
				4C759D1B1D84D65A006B95E1 /* CoreGraphics.framework in Frameworks */,
				4C759D191D84D654006B95E1 /* CoreData.framework in Frameworks */,
				4CAFD4D91D94BBC9005B366E /* FBSDKLoginKit.framework in Frameworks */,
				4C759D171D84D642006B95E1 /* Accelerate.framework in Frameworks */,
				4CE7E6E81D62E7B2009CD2C3 /* Bolts.framework in Frameworks */,
				4C759D341D84DE11006B95E1 /* GoogleMaps.framework in Frameworks */,
				4C759D131D84D574006B95E1 /* GoogleMapsBase.framework in Frameworks */,
				4CAFD4D81D94BBC9005B366E /* FBSDKCoreKit.framework in Frameworks */,
				4C759D111D84D548006B95E1 /* GooglePlaces.framework in Frameworks */,
			);
			runOnlyForDeploymentPostprocessing = 0;
		};
		4C2EAEE51D584D870059072A /* Frameworks */ = {
			isa = PBXFrameworksBuildPhase;
			buildActionMask = 2147483647;
			files = (
			);
			runOnlyForDeploymentPostprocessing = 0;
		};
		4C2EAEF01D584D870059072A /* Frameworks */ = {
			isa = PBXFrameworksBuildPhase;
			buildActionMask = 2147483647;
			files = (
			);
			runOnlyForDeploymentPostprocessing = 0;
		};
/* End PBXFrameworksBuildPhase section */

/* Begin PBXGroup section */
		4C2EAECB1D584D870059072A = {
			isa = PBXGroup;
			children = (
				4C759D2E1D84D6E3006B95E1 /* UIKit.framework */,
				4C759D2C1D84D6DE006B95E1 /* SystemConfiguration.framework */,
				4C759D2A1D84D6CF006B95E1 /* QuartzCore.framework */,
				4C759D281D84D6C2006B95E1 /* OpenGLES.framework */,
				4C759D261D84D6B2006B95E1 /* libz.tbd */,
				4C759D241D84D69B006B95E1 /* libc++.tbd */,
				4C759D221D84D687006B95E1 /* ImageIO.framework */,
				4C759D201D84D67D006B95E1 /* GLKit.framework */,
				4C759D1E1D84D66B006B95E1 /* CoreText.framework */,
				4C759D1C1D84D665006B95E1 /* CoreLocation.framework */,
				4C759D1A1D84D65A006B95E1 /* CoreGraphics.framework */,
				4C759D181D84D654006B95E1 /* CoreData.framework */,
				4C759D161D84D642006B95E1 /* Accelerate.framework */,
				4C2EAED61D584D870059072A /* TeamGraysonGo */,
				4C2EAEEB1D584D870059072A /* TeamGraysonGoTests */,
				4C2EAEF61D584D870059072A /* TeamGraysonGoUITests */,
				4C2EAED51D584D870059072A /* Products */,
			);
			sourceTree = "<group>";
		};
		4C2EAED51D584D870059072A /* Products */ = {
			isa = PBXGroup;
			children = (
				4C2EAED41D584D870059072A /* TeamGraysonGo.app */,
				4C2EAEE81D584D870059072A /* TeamGraysonGoTests.xctest */,
				4C2EAEF31D584D870059072A /* TeamGraysonGoUITests.xctest */,
			);
			name = Products;
			sourceTree = "<group>";
		};
		4C2EAED61D584D870059072A /* TeamGraysonGo */ = {
			isa = PBXGroup;
			children = (
				4CAFD4DC1D94BCEE005B366E /* TeamGraysonGo.entitlements */,
				4CE7E6E01D62CF8D009CD2C3 /* Frameworks */,
				4CE7E6D91D61237C009CD2C3 /* SWRevealViewController */,
				4CE7E6ED1D652917009CD2C3 /* Reachability */,
				4C759D361D84DE44006B95E1 /* GoogleMaps.bundle */,
				4C759D141D84D5E5006B95E1 /* GooglePlaces.bundle */,
				4C759D381D84DE82006B95E1 /* GooglePlacePicker.bundle */,
				4C2EAEDB1D584D870059072A /* Main.storyboard */,
				4C2EAED71D584D870059072A /* AppDelegate.swift */,
				4CE7E6DA1D6123E6009CD2C3 /* TeamGraysonGo-Bridging-Header.h */,
				4C2EAED91D584D870059072A /* viewController.swift */,
				4CE7E6F11D6D5D5C009CD2C3 /* hangoutsViewController.swift */,
				4C5E32221D78F6A10079CFB7 /* AddHangoutViewController.swift */,
				4C35E7CF1D7CE34300943286 /* hangoutSpecificViewController.swift */,
				4CEE04DD1D9073890025ACB6 /* EditHangoutViewController.swift */,
				4CE7E6F91D78DBB0009CD2C3 /* StreamViewController.swift */,
				4CE7E6F71D6E2C9B009CD2C3 /* CustomHangoutCell.swift */,
				4CE7E6EB1D62E91E009CD2C3 /* LoginViewController.swift */,
				4CE7E6DE1D629C43009CD2C3 /* MenuController.swift */,
				4C2EAF051D5AAB7B0059072A /* GarageContentViewController.swift */,
				4C2EAF071D5AB3150059072A /* GarageModelProtocol.swift */,
				4C2EAF091D5AB3B10059072A /* GarageModelObj.swift */,
				4CE7E6F31D6E0B7A009CD2C3 /* HangoutsModelProtocol.swift */,
				4CE7E6F51D6E0DC0009CD2C3 /* HangoutModelObj.swift */,
				4C759D0E1D83C0F6006B95E1 /* SpecificHangoutModelProtocol.swift */,
				4C2EAEDE1D584D870059072A /* Assets.xcassets */,
				4C2EAEE01D584D870059072A /* LaunchScreen.storyboard */,
				4C2EAEE31D584D870059072A /* Info.plist */,
			);
			path = TeamGraysonGo;
			sourceTree = "<group>";
		};
		4C2EAEEB1D584D870059072A /* TeamGraysonGoTests */ = {
			isa = PBXGroup;
			children = (
				4C2EAEEC1D584D870059072A /* TeamGraysonGoTests.swift */,
				4C2EAEEE1D584D870059072A /* Info.plist */,
			);
			path = TeamGraysonGoTests;
			sourceTree = "<group>";
		};
		4C2EAEF61D584D870059072A /* TeamGraysonGoUITests */ = {
			isa = PBXGroup;
			children = (
				4C2EAEF71D584D870059072A /* TeamGraysonGoUITests.swift */,
				4C2EAEF91D584D870059072A /* Info.plist */,
			);
			path = TeamGraysonGoUITests;
			sourceTree = "<group>";
		};
		4CE7E6D91D61237C009CD2C3 /* SWRevealViewController */ = {
			isa = PBXGroup;
			children = (
				4CE7E6DB1D6123E7009CD2C3 /* SWRevealViewController.h */,
				4CE7E6DC1D6123E7009CD2C3 /* SWRevealViewController.m */,
			);
			name = SWRevealViewController;
			sourceTree = "<group>";
		};
		4CE7E6E01D62CF8D009CD2C3 /* Frameworks */ = {
			isa = PBXGroup;
			children = (
				4CAFD4D61D94BBC9005B366E /* FBSDKCoreKit.framework */,
				4CAFD4D71D94BBC9005B366E /* FBSDKLoginKit.framework */,
				4CAFD4DA1D94BC03005B366E /* FBSDKShareKit.framework */,
				4C759D321D84DE11006B95E1 /* GoogleMaps.framework */,
				4C759D331D84DE11006B95E1 /* GoogleMapsCore.framework */,
				4C759D301D84DDD9006B95E1 /* GooglePlacePicker.framework */,
				4C759D121D84D574006B95E1 /* GoogleMapsBase.framework */,
				4C759D101D84D548006B95E1 /* GooglePlaces.framework */,
				4CE7E6E71D62E7B2009CD2C3 /* Bolts.framework */,
			);
			name = Frameworks;
			sourceTree = "<group>";
		};
		4CE7E6ED1D652917009CD2C3 /* Reachability */ = {
			isa = PBXGroup;
			children = (
				4CE7E6EE1D652949009CD2C3 /* Reachability.h */,
				4CE7E6EF1D652949009CD2C3 /* Reachability.m */,
			);
			name = Reachability;
			sourceTree = "<group>";
		};
/* End PBXGroup section */

/* Begin PBXNativeTarget section */
		4C2EAED31D584D870059072A /* TeamGraysonGo */ = {
			isa = PBXNativeTarget;
			buildConfigurationList = 4C2EAEFC1D584D870059072A /* Build configuration list for PBXNativeTarget "TeamGraysonGo" */;
			buildPhases = (
				4C2EAED01D584D870059072A /* Sources */,
				4C2EAED11D584D870059072A /* Frameworks */,
				4C2EAED21D584D870059072A /* Resources */,
			);
			buildRules = (
			);
			dependencies = (
			);
			name = TeamGraysonGo;
			productName = TeamGraysonGo;
			productReference = 4C2EAED41D584D870059072A /* TeamGraysonGo.app */;
			productType = "com.apple.product-type.application";
		};
		4C2EAEE71D584D870059072A /* TeamGraysonGoTests */ = {
			isa = PBXNativeTarget;
			buildConfigurationList = 4C2EAEFF1D584D870059072A /* Build configuration list for PBXNativeTarget "TeamGraysonGoTests" */;
			buildPhases = (
				4C2EAEE41D584D870059072A /* Sources */,
				4C2EAEE51D584D870059072A /* Frameworks */,
				4C2EAEE61D584D870059072A /* Resources */,
			);
			buildRules = (
			);
			dependencies = (
				4C2EAEEA1D584D870059072A /* PBXTargetDependency */,
			);
			name = TeamGraysonGoTests;
			productName = TeamGraysonGoTests;
			productReference = 4C2EAEE81D584D870059072A /* TeamGraysonGoTests.xctest */;
			productType = "com.apple.product-type.bundle.unit-test";
		};
		4C2EAEF21D584D870059072A /* TeamGraysonGoUITests */ = {
			isa = PBXNativeTarget;
			buildConfigurationList = 4C2EAF021D584D870059072A /* Build configuration list for PBXNativeTarget "TeamGraysonGoUITests" */;
			buildPhases = (
				4C2EAEEF1D584D870059072A /* Sources */,
				4C2EAEF01D584D870059072A /* Frameworks */,
				4C2EAEF11D584D870059072A /* Resources */,
			);
			buildRules = (
			);
			dependencies = (
				4C2EAEF51D584D870059072A /* PBXTargetDependency */,
			);
			name = TeamGraysonGoUITests;
			productName = TeamGraysonGoUITests;
			productReference = 4C2EAEF31D584D870059072A /* TeamGraysonGoUITests.xctest */;
			productType = "com.apple.product-type.bundle.ui-testing";
		};
/* End PBXNativeTarget section */

/* Begin PBXProject section */
		4C2EAECC1D584D870059072A /* Project object */ = {
			isa = PBXProject;
			attributes = {
				LastSwiftUpdateCheck = 0730;
				LastUpgradeCheck = 0730;
				ORGANIZATIONNAME = "Graham Turbyne";
				TargetAttributes = {
					4C2EAED31D584D870059072A = {
						CreatedOnToolsVersion = 7.3.1;
						DevelopmentTeam = 72E2H8TJNK;
						LastSwiftMigration = 0800;
						SystemCapabilities = {
							com.apple.Keychain = {
								enabled = 1;
							};
							com.apple.Push = {
								enabled = 1;
							};
						};
					};
					4C2EAEE71D584D870059072A = {
						CreatedOnToolsVersion = 7.3.1;
						LastSwiftMigration = 0800;
						TestTargetID = 4C2EAED31D584D870059072A;
					};
					4C2EAEF21D584D870059072A = {
						CreatedOnToolsVersion = 7.3.1;
						LastSwiftMigration = 0800;
						TestTargetID = 4C2EAED31D584D870059072A;
					};
				};
			};
			buildConfigurationList = 4C2EAECF1D584D870059072A /* Build configuration list for PBXProject "TeamGraysonGo" */;
			compatibilityVersion = "Xcode 3.2";
			developmentRegion = English;
			hasScannedForEncodings = 0;
			knownRegions = (
				en,
				Base,
			);
			mainGroup = 4C2EAECB1D584D870059072A;
			productRefGroup = 4C2EAED51D584D870059072A /* Products */;
			projectDirPath = "";
			projectRoot = "";
			targets = (
				4C2EAED31D584D870059072A /* TeamGraysonGo */,
				4C2EAEE71D584D870059072A /* TeamGraysonGoTests */,
				4C2EAEF21D584D870059072A /* TeamGraysonGoUITests */,
			);
		};
/* End PBXProject section */

/* Begin PBXResourcesBuildPhase section */
		4C2EAED21D584D870059072A /* Resources */ = {
			isa = PBXResourcesBuildPhase;
			buildActionMask = 2147483647;
			files = (
				4C759D391D84DE82006B95E1 /* GooglePlacePicker.bundle in Resources */,
				4C759D151D84D5E5006B95E1 /* GooglePlaces.bundle in Resources */,
				4C2EAEE21D584D870059072A /* LaunchScreen.storyboard in Resources */,
				4C2EAEDF1D584D870059072A /* Assets.xcassets in Resources */,
				4C2EAEDD1D584D870059072A /* Main.storyboard in Resources */,
				4C759D371D84DE44006B95E1 /* GoogleMaps.bundle in Resources */,
			);
			runOnlyForDeploymentPostprocessing = 0;
		};
		4C2EAEE61D584D870059072A /* Resources */ = {
			isa = PBXResourcesBuildPhase;
			buildActionMask = 2147483647;
			files = (
			);
			runOnlyForDeploymentPostprocessing = 0;
		};
		4C2EAEF11D584D870059072A /* Resources */ = {
			isa = PBXResourcesBuildPhase;
			buildActionMask = 2147483647;
			files = (
			);
			runOnlyForDeploymentPostprocessing = 0;
		};
/* End PBXResourcesBuildPhase section */

/* Begin PBXSourcesBuildPhase section */
		4C2EAED01D584D870059072A /* Sources */ = {
			isa = PBXSourcesBuildPhase;
			buildActionMask = 2147483647;
			files = (
				4CE7E6F81D6E2C9B009CD2C3 /* CustomHangoutCell.swift in Sources */,
				4C35E7D01D7CE34300943286 /* hangoutSpecificViewController.swift in Sources */,
				4C2EAF0A1D5AB3B10059072A /* GarageModelObj.swift in Sources */,
				4CE7E6DF1D629C43009CD2C3 /* MenuController.swift in Sources */,
				4C2EAEDA1D584D870059072A /* viewController.swift in Sources */,
				4CEE04DE1D9073890025ACB6 /* EditHangoutViewController.swift in Sources */,
				4C2EAED81D584D870059072A /* AppDelegate.swift in Sources */,
				4CE7E6EC1D62E91E009CD2C3 /* LoginViewController.swift in Sources */,
				4CE7E6FA1D78DBB0009CD2C3 /* StreamViewController.swift in Sources */,
				4C759D0F1D83C0F6006B95E1 /* SpecificHangoutModelProtocol.swift in Sources */,
				4C5E32231D78F6A10079CFB7 /* AddHangoutViewController.swift in Sources */,
				4CE7E6F21D6D5D5C009CD2C3 /* hangoutsViewController.swift in Sources */,
				4CE7E6F61D6E0DC0009CD2C3 /* HangoutModelObj.swift in Sources */,
				4C2EAF081D5AB3150059072A /* GarageModelProtocol.swift in Sources */,
				4CE7E6F41D6E0B7A009CD2C3 /* HangoutsModelProtocol.swift in Sources */,
				4C2EAF061D5AAB7B0059072A /* GarageContentViewController.swift in Sources */,
				4CE7E6F01D652949009CD2C3 /* Reachability.m in Sources */,
				4CE7E6DD1D6123E7009CD2C3 /* SWRevealViewController.m in Sources */,
			);
			runOnlyForDeploymentPostprocessing = 0;
		};
		4C2EAEE41D584D870059072A /* Sources */ = {
			isa = PBXSourcesBuildPhase;
			buildActionMask = 2147483647;
			files = (
				4C2EAEED1D584D870059072A /* TeamGraysonGoTests.swift in Sources */,
			);
			runOnlyForDeploymentPostprocessing = 0;
		};
		4C2EAEEF1D584D870059072A /* Sources */ = {
			isa = PBXSourcesBuildPhase;
			buildActionMask = 2147483647;
			files = (
				4C2EAEF81D584D870059072A /* TeamGraysonGoUITests.swift in Sources */,
			);
			runOnlyForDeploymentPostprocessing = 0;
		};
/* End PBXSourcesBuildPhase section */

/* Begin PBXTargetDependency section */
		4C2EAEEA1D584D870059072A /* PBXTargetDependency */ = {
			isa = PBXTargetDependency;
			target = 4C2EAED31D584D870059072A /* TeamGraysonGo */;
			targetProxy = 4C2EAEE91D584D870059072A /* PBXContainerItemProxy */;
		};
		4C2EAEF51D584D870059072A /* PBXTargetDependency */ = {
			isa = PBXTargetDependency;
			target = 4C2EAED31D584D870059072A /* TeamGraysonGo */;
			targetProxy = 4C2EAEF41D584D870059072A /* PBXContainerItemProxy */;
		};
/* End PBXTargetDependency section */

/* Begin PBXVariantGroup section */
		4C2EAEDB1D584D870059072A /* Main.storyboard */ = {
			isa = PBXVariantGroup;
			children = (
				4C2EAEDC1D584D870059072A /* Base */,
			);
			name = Main.storyboard;
			sourceTree = "<group>";
		};
		4C2EAEE01D584D870059072A /* LaunchScreen.storyboard */ = {
			isa = PBXVariantGroup;
			children = (
				4C2EAEE11D584D870059072A /* Base */,
			);
			name = LaunchScreen.storyboard;
			sourceTree = "<group>";
		};
/* End PBXVariantGroup section */

/* Begin XCBuildConfiguration section */
		4C2EAEFA1D584D870059072A /* Debug */ = {
			isa = XCBuildConfiguration;
			buildSettings = {
				ALWAYS_SEARCH_USER_PATHS = NO;
				CLANG_ANALYZER_NONNULL = YES;
				CLANG_CXX_LANGUAGE_STANDARD = "gnu++0x";
				CLANG_CXX_LIBRARY = "libc++";
				CLANG_ENABLE_MODULES = YES;
				CLANG_ENABLE_OBJC_ARC = YES;
				CLANG_WARN_BOOL_CONVERSION = YES;
				CLANG_WARN_CONSTANT_CONVERSION = YES;
				CLANG_WARN_DIRECT_OBJC_ISA_USAGE = YES_ERROR;
				CLANG_WARN_EMPTY_BODY = YES;
				CLANG_WARN_ENUM_CONVERSION = YES;
				CLANG_WARN_INT_CONVERSION = YES;
				CLANG_WARN_OBJC_ROOT_CLASS = YES_ERROR;
				CLANG_WARN_UNREACHABLE_CODE = YES;
				CLANG_WARN__DUPLICATE_METHOD_MATCH = YES;
				"CODE_SIGN_IDENTITY[sdk=iphoneos*]" = "iPhone Developer";
				COPY_PHASE_STRIP = NO;
				DEBUG_INFORMATION_FORMAT = dwarf;
				ENABLE_STRICT_OBJC_MSGSEND = YES;
				ENABLE_TESTABILITY = YES;
				GCC_C_LANGUAGE_STANDARD = gnu99;
				GCC_DYNAMIC_NO_PIC = NO;
				GCC_NO_COMMON_BLOCKS = YES;
				GCC_OPTIMIZATION_LEVEL = 0;
				GCC_PREPROCESSOR_DEFINITIONS = (
					"DEBUG=1",
					"$(inherited)",
				);
				GCC_WARN_64_TO_32_BIT_CONVERSION = YES;
				GCC_WARN_ABOUT_RETURN_TYPE = YES_ERROR;
				GCC_WARN_UNDECLARED_SELECTOR = YES;
				GCC_WARN_UNINITIALIZED_AUTOS = YES_AGGRESSIVE;
				GCC_WARN_UNUSED_FUNCTION = YES;
				GCC_WARN_UNUSED_VARIABLE = YES;
				IPHONEOS_DEPLOYMENT_TARGET = 10.0;
				MTL_ENABLE_DEBUG_INFO = YES;
				ONLY_ACTIVE_ARCH = YES;
				OTHER_LDFLAGS = "-ObjC";
				SDKROOT = iphoneos;
				SWIFT_OPTIMIZATION_LEVEL = "-Onone";
				SWIFT_VERSION = 2.3;
			};
			name = Debug;
		};
		4C2EAEFB1D584D870059072A /* Release */ = {
			isa = XCBuildConfiguration;
			buildSettings = {
				ALWAYS_SEARCH_USER_PATHS = NO;
				CLANG_ANALYZER_NONNULL = YES;
				CLANG_CXX_LANGUAGE_STANDARD = "gnu++0x";
				CLANG_CXX_LIBRARY = "libc++";
				CLANG_ENABLE_MODULES = YES;
				CLANG_ENABLE_OBJC_ARC = YES;
				CLANG_WARN_BOOL_CONVERSION = YES;
				CLANG_WARN_CONSTANT_CONVERSION = YES;
				CLANG_WARN_DIRECT_OBJC_ISA_USAGE = YES_ERROR;
				CLANG_WARN_EMPTY_BODY = YES;
				CLANG_WARN_ENUM_CONVERSION = YES;
				CLANG_WARN_INT_CONVERSION = YES;
				CLANG_WARN_OBJC_ROOT_CLASS = YES_ERROR;
				CLANG_WARN_UNREACHABLE_CODE = YES;
				CLANG_WARN__DUPLICATE_METHOD_MATCH = YES;
				"CODE_SIGN_IDENTITY[sdk=iphoneos*]" = "iPhone Developer";
				COPY_PHASE_STRIP = NO;
				DEBUG_INFORMATION_FORMAT = "dwarf-with-dsym";
				ENABLE_NS_ASSERTIONS = NO;
				ENABLE_STRICT_OBJC_MSGSEND = YES;
				GCC_C_LANGUAGE_STANDARD = gnu99;
				GCC_NO_COMMON_BLOCKS = YES;
				GCC_WARN_64_TO_32_BIT_CONVERSION = YES;
				GCC_WARN_ABOUT_RETURN_TYPE = YES_ERROR;
				GCC_WARN_UNDECLARED_SELECTOR = YES;
				GCC_WARN_UNINITIALIZED_AUTOS = YES_AGGRESSIVE;
				GCC_WARN_UNUSED_FUNCTION = YES;
				GCC_WARN_UNUSED_VARIABLE = YES;
				IPHONEOS_DEPLOYMENT_TARGET = 10.0;
				MTL_ENABLE_DEBUG_INFO = NO;
				OTHER_LDFLAGS = "-ObjC";
				SDKROOT = iphoneos;
				SWIFT_VERSION = 2.3;
				VALIDATE_PRODUCT = YES;
			};
			name = Release;
		};
		4C2EAEFD1D584D870059072A /* Debug */ = {
			isa = XCBuildConfiguration;
			buildSettings = {
				ASSETCATALOG_COMPILER_APPICON_NAME = AppIcon;
				ASSETCATALOG_COMPILER_LAUNCHIMAGE_NAME = LaunchImage;
				CLANG_ENABLE_MODULES = YES;
				CODE_SIGN_ENTITLEMENTS = TeamGraysonGo/TeamGraysonGo.entitlements;
				CODE_SIGN_IDENTITY = "iPhone Developer";
				"CODE_SIGN_IDENTITY[sdk=iphoneos*]" = "iPhone Developer";
				DEVELOPMENT_TEAM = 72E2H8TJNK;
				FRAMEWORK_SEARCH_PATHS = (
					"$(inherited)",
					"$(PROJECT_DIR)/TeamGraysonGo",
					"/Users/grahamturbyne/Documents/FacebookSDKs-iOS-4",
				);
				INFOPLIST_FILE = TeamGraysonGo/Info.plist;
				IPHONEOS_DEPLOYMENT_TARGET = 9.3;
				LD_RUNPATH_SEARCH_PATHS = "$(inherited) @executable_path/Frameworks";
				OTHER_LDFLAGS = "";
				PRODUCT_BUNDLE_IDENTIFIER = com.grahamturbyne.TeamGraysonGo;
				PRODUCT_NAME = "$(TARGET_NAME)";
				PROVISIONING_PROFILE = "";
				SWIFT_OBJC_BRIDGING_HEADER = "TeamGraysonGo/TeamGraysonGo-Bridging-Header.h";
				SWIFT_OPTIMIZATION_LEVEL = "-Onone";
				SWIFT_VERSION = 2.3;
			};
			name = Debug;
		};
		4C2EAEFE1D584D870059072A /* Release */ = {
			isa = XCBuildConfiguration;
			buildSettings = {
				ASSETCATALOG_COMPILER_APPICON_NAME = AppIcon;
				ASSETCATALOG_COMPILER_LAUNCHIMAGE_NAME = LaunchImage;
				CLANG_ENABLE_MODULES = YES;
				CODE_SIGN_ENTITLEMENTS = TeamGraysonGo/TeamGraysonGo.entitlements;
				CODE_SIGN_IDENTITY = "iPhone Developer";
				"CODE_SIGN_IDENTITY[sdk=iphoneos*]" = "iPhone Developer";
				DEVELOPMENT_TEAM = 72E2H8TJNK;
				FRAMEWORK_SEARCH_PATHS = (
					"$(inherited)",
					"$(PROJECT_DIR)/TeamGraysonGo",
					"/Users/grahamturbyne/Documents/FacebookSDKs-iOS-4",
				);
				INFOPLIST_FILE = TeamGraysonGo/Info.plist;
				IPHONEOS_DEPLOYMENT_TARGET = 9.3;
				LD_RUNPATH_SEARCH_PATHS = "$(inherited) @executable_path/Frameworks";
				OTHER_LDFLAGS = "";
				PRODUCT_BUNDLE_IDENTIFIER = com.grahamturbyne.TeamGraysonGo;
				PRODUCT_NAME = "$(TARGET_NAME)";
				PROVISIONING_PROFILE = "";
				SWIFT_OBJC_BRIDGING_HEADER = "TeamGraysonGo/TeamGraysonGo-Bridging-Header.h";
				SWIFT_VERSION = 2.3;
			};
			name = Release;
		};
		4C2EAF001D584D870059072A /* Debug */ = {
			isa = XCBuildConfiguration;
			buildSettings = {
				BUNDLE_LOADER = "$(TEST_HOST)";
				INFOPLIST_FILE = TeamGraysonGoTests/Info.plist;
				IPHONEOS_DEPLOYMENT_TARGET = 9.3;
				LD_RUNPATH_SEARCH_PATHS = "$(inherited) @executable_path/Frameworks @loader_path/Frameworks";
				PRODUCT_BUNDLE_IDENTIFIER = com.grahamturbyne.TeamGraysonGoTests;
				PRODUCT_NAME = "$(TARGET_NAME)";
				SWIFT_VERSION = 2.3;
				TEST_HOST = "$(BUILT_PRODUCTS_DIR)/TeamGraysonGo.app/TeamGraysonGo";
			};
			name = Debug;
		};
		4C2EAF011D584D870059072A /* Release */ = {
			isa = XCBuildConfiguration;
			buildSettings = {
				BUNDLE_LOADER = "$(TEST_HOST)";
				INFOPLIST_FILE = TeamGraysonGoTests/Info.plist;
				IPHONEOS_DEPLOYMENT_TARGET = 9.3;
				LD_RUNPATH_SEARCH_PATHS = "$(inherited) @executable_path/Frameworks @loader_path/Frameworks";
				PRODUCT_BUNDLE_IDENTIFIER = com.grahamturbyne.TeamGraysonGoTests;
				PRODUCT_NAME = "$(TARGET_NAME)";
				SWIFT_VERSION = 2.3;
				TEST_HOST = "$(BUILT_PRODUCTS_DIR)/TeamGraysonGo.app/TeamGraysonGo";
			};
			name = Release;
		};
		4C2EAF031D584D870059072A /* Debug */ = {
			isa = XCBuildConfiguration;
			buildSettings = {
				INFOPLIST_FILE = TeamGraysonGoUITests/Info.plist;
				IPHONEOS_DEPLOYMENT_TARGET = 9.3;
				LD_RUNPATH_SEARCH_PATHS = "$(inherited) @executable_path/Frameworks @loader_path/Frameworks";
				PRODUCT_BUNDLE_IDENTIFIER = com.grahamturbyne.TeamGraysonGoUITests;
				PRODUCT_NAME = "$(TARGET_NAME)";
				SWIFT_VERSION = 2.3;
				TEST_TARGET_NAME = TeamGraysonGo;
			};
			name = Debug;
		};
		4C2EAF041D584D870059072A /* Release */ = {
			isa = XCBuildConfiguration;
			buildSettings = {
				INFOPLIST_FILE = TeamGraysonGoUITests/Info.plist;
				IPHONEOS_DEPLOYMENT_TARGET = 9.3;
				LD_RUNPATH_SEARCH_PATHS = "$(inherited) @executable_path/Frameworks @loader_path/Frameworks";
				PRODUCT_BUNDLE_IDENTIFIER = com.grahamturbyne.TeamGraysonGoUITests;
				PRODUCT_NAME = "$(TARGET_NAME)";
				SWIFT_VERSION = 2.3;
				TEST_TARGET_NAME = TeamGraysonGo;
			};
			name = Release;
		};
/* End XCBuildConfiguration section */

/* Begin XCConfigurationList section */
		4C2EAECF1D584D870059072A /* Build configuration list for PBXProject "TeamGraysonGo" */ = {
			isa = XCConfigurationList;
			buildConfigurations = (
				4C2EAEFA1D584D870059072A /* Debug */,
				4C2EAEFB1D584D870059072A /* Release */,
			);
			defaultConfigurationIsVisible = 0;
			defaultConfigurationName = Release;
		};
		4C2EAEFC1D584D870059072A /* Build configuration list for PBXNativeTarget "TeamGraysonGo" */ = {
			isa = XCConfigurationList;
			buildConfigurations = (
				4C2EAEFD1D584D870059072A /* Debug */,
				4C2EAEFE1D584D870059072A /* Release */,
			);
			defaultConfigurationIsVisible = 0;
			defaultConfigurationName = Release;
		};
		4C2EAEFF1D584D870059072A /* Build configuration list for PBXNativeTarget "TeamGraysonGoTests" */ = {
			isa = XCConfigurationList;
			buildConfigurations = (
				4C2EAF001D584D870059072A /* Debug */,
				4C2EAF011D584D870059072A /* Release */,
			);
			defaultConfigurationIsVisible = 0;
			defaultConfigurationName = Release;
		};
		4C2EAF021D584D870059072A /* Build configuration list for PBXNativeTarget "TeamGraysonGoUITests" */ = {
			isa = XCConfigurationList;
			buildConfigurations = (
				4C2EAF031D584D870059072A /* Debug */,
				4C2EAF041D584D870059072A /* Release */,
			);
			defaultConfigurationIsVisible = 0;
			defaultConfigurationName = Release;
		};
/* End XCConfigurationList section */
	};
	rootObject = 4C2EAECC1D584D870059072A /* Project object */;
}
